{
  "version": 4,
  "terraform_version": "1.3.9",
  "serial": 4,
  "lineage": "e2301aef-e021-fda2-96f8-6e42b515902c",
  "outputs": {},
  "resources": [
    {
      "mode": "managed",
      "type": "azurerm_linux_web_app",
      "name": "this",
      "provider": "provider[\"registry.terraform.io/hashicorp/azurerm\"]",
      "instances": [
        {
          "schema_version": 0,
          "attributes": {
            "app_settings": null,
            "auth_settings": [
              {
                "active_directory": [],
                "additional_login_parameters": {},
                "allowed_external_redirect_urls": [],
                "default_provider": "",
                "enabled": false,
                "facebook": [],
                "github": [],
                "google": [],
                "issuer": "",
                "microsoft": [],
                "runtime_version": "",
                "token_refresh_extension_hours": 0,
                "token_store_enabled": false,
                "twitter": [],
                "unauthenticated_client_action": ""
              }
            ],
            "backup": [],
            "client_affinity_enabled": false,
            "client_certificate_enabled": false,
            "client_certificate_mode": "Required",
            "connection_string": [],
            "custom_domain_verification_id": "BA99740BE0488B12DF43A91F995F6E0B7ED114441DA9AC6FA43FF70C8DBFC0C7",
            "default_hostname": "wa-lab-we-saab.azurewebsites.net",
            "enabled": true,
            "https_only": false,
            "id": "/subscriptions/34c43125-9f89-4519-9e7f-541784fd470e/resourceGroups/rg-lab-we-saab/providers/Microsoft.Web/sites/wa-lab-we-saab",
            "identity": [],
            "key_vault_reference_identity_id": "SystemAssigned",
            "kind": "app,linux",
            "location": "westeurope",
            "logs": [],
            "name": "wa-lab-we-saab",
            "outbound_ip_address_list": [
              "20.71.3.246",
              "20.73.37.157",
              "20.73.39.43",
              "20.73.39.99",
              "20.73.39.100",
              "20.73.192.17",
              "20.105.232.4"
            ],
            "outbound_ip_addresses": "20.71.3.246,20.73.37.157,20.73.39.43,20.73.39.99,20.73.39.100,20.73.192.17,20.105.232.4",
            "possible_outbound_ip_address_list": [
              "20.71.3.246",
              "20.73.37.157",
              "20.73.39.43",
              "20.73.39.99",
              "20.73.39.100",
              "20.73.192.17",
              "20.73.192.215",
              "20.73.193.149",
              "20.73.195.220",
              "20.73.196.40",
              "20.73.39.196",
              "20.73.196.60",
              "20.73.197.108",
              "20.73.198.100",
              "20.73.198.157",
              "20.73.198.192",
              "20.73.198.228",
              "20.73.199.89",
              "20.73.199.251",
              "20.76.16.160",
              "20.76.17.64",
              "20.76.18.151",
              "20.76.19.127",
              "20.76.19.243",
              "20.105.232.4"
            ],
            "possible_outbound_ip_addresses": "20.71.3.246,20.73.37.157,20.73.39.43,20.73.39.99,20.73.39.100,20.73.192.17,20.73.192.215,20.73.193.149,20.73.195.220,20.73.196.40,20.73.39.196,20.73.196.60,20.73.197.108,20.73.198.100,20.73.198.157,20.73.198.192,20.73.198.228,20.73.199.89,20.73.199.251,20.76.16.160,20.76.17.64,20.76.18.151,20.76.19.127,20.76.19.243,20.105.232.4",
            "resource_group_name": "rg-lab-we-saab",
            "service_plan_id": "/subscriptions/34c43125-9f89-4519-9e7f-541784fd470e/resourceGroups/rg-lab-we-saab/providers/Microsoft.Web/serverfarms/asp-lab-we-saab",
            "site_config": [
              {
                "always_on": true,
                "api_definition_url": "",
                "api_management_api_id": "",
                "app_command_line": "",
                "application_stack": [
                  {
                    "docker_image": "",
                    "docker_image_tag": "",
                    "dotnet_version": "",
                    "java_server": "",
                    "java_server_version": "",
                    "java_version": "",
                    "node_version": "16-lts",
                    "php_version": "",
                    "python_version": "",
                    "ruby_version": ""
                  }
                ],
                "auto_heal_enabled": false,
                "auto_heal_setting": [],
                "container_registry_managed_identity_client_id": "",
                "container_registry_use_managed_identity": false,
                "cors": [],
                "default_documents": [
                  "Default.htm",
                  "Default.html",
                  "Default.asp",
                  "index.htm",
                  "index.html",
                  "iisstart.htm",
                  "default.aspx",
                  "index.php",
                  "hostingstart.html"
                ],
                "detailed_error_logging_enabled": false,
                "ftps_state": "Disabled",
                "health_check_eviction_time_in_min": 0,
                "health_check_path": "",
                "http2_enabled": false,
                "ip_restriction": [],
                "linux_fx_version": "NODE|16-lts",
                "load_balancing_mode": "LeastRequests",
                "local_mysql_enabled": false,
                "managed_pipeline_mode": "Integrated",
                "minimum_tls_version": "1.2",
                "remote_debugging_enabled": false,
                "remote_debugging_version": "VS2019",
                "scm_ip_restriction": [],
                "scm_minimum_tls_version": "1.2",
                "scm_type": "None",
                "scm_use_main_ip_restriction": false,
                "use_32_bit_worker": true,
                "vnet_route_all_enabled": false,
                "websockets_enabled": false,
                "worker_count": 1
              }
            ],
            "site_credential": [
              {
                "name": "$wa-lab-we-saab",
                "password": "J4ZpijXplada7fuALjSokGiseJf4MLtvn79pAHWxrjwzk9bKrHyeGkLxE8mp"
              }
            ],
            "sticky_settings": [],
            "storage_account": [],
            "tags": null,
            "timeouts": null,
            "virtual_network_subnet_id": "",
            "zip_deploy_file": ""
          },
          "sensitive_attributes": [],
          "private": "eyJlMmJmYjczMC1lY2FhLTExZTYtOGY4OC0zNDM2M2JjN2M0YzAiOnsiY3JlYXRlIjoxODAwMDAwMDAwMDAwLCJkZWxldGUiOjE4MDAwMDAwMDAwMDAsInJlYWQiOjMwMDAwMDAwMDAwMCwidXBkYXRlIjoxODAwMDAwMDAwMDAwfX0=",
          "dependencies": [
            "azurerm_resource_group.this",
            "azurerm_service_plan.this"
          ]
        }
      ]
    },
    {
      "mode": "managed",
      "type": "azurerm_resource_group",
      "name": "this",
      "provider": "provider[\"registry.terraform.io/hashicorp/azurerm\"]",
      "instances": [
        {
          "schema_version": 0,
          "attributes": {
            "id": "/subscriptions/34c43125-9f89-4519-9e7f-541784fd470e/resourceGroups/rg-lab-we-saab",
            "location": "westeurope",
            "name": "rg-lab-we-saab",
            "tags": {},
            "timeouts": null
          },
          "sensitive_attributes": [],
          "private": "eyJlMmJmYjczMC1lY2FhLTExZTYtOGY4OC0zNDM2M2JjN2M0YzAiOnsiY3JlYXRlIjo1NDAwMDAwMDAwMDAwLCJkZWxldGUiOjU0MDAwMDAwMDAwMDAsInJlYWQiOjMwMDAwMDAwMDAwMCwidXBkYXRlIjo1NDAwMDAwMDAwMDAwfX0="
        }
      ]
    },
    {
      "mode": "managed",
      "type": "azurerm_service_plan",
      "name": "this",
      "provider": "provider[\"registry.terraform.io/hashicorp/azurerm\"]",
      "instances": [
        {
          "schema_version": 0,
          "attributes": {
            "app_service_environment_id": "",
            "id": "/subscriptions/34c43125-9f89-4519-9e7f-541784fd470e/resourceGroups/rg-lab-we-saab/providers/Microsoft.Web/serverfarms/asp-lab-we-saab",
            "kind": "linux",
            "location": "westeurope",
            "maximum_elastic_worker_count": 1,
            "name": "asp-lab-we-saab",
            "os_type": "Linux",
            "per_site_scaling_enabled": false,
            "reserved": true,
            "resource_group_name": "rg-lab-we-saab",
            "sku_name": "B1",
            "tags": null,
            "timeouts": null,
            "worker_count": 1,
            "zone_balancing_enabled": false
          },
          "sensitive_attributes": [],
          "private": "eyJlMmJmYjczMC1lY2FhLTExZTYtOGY4OC0zNDM2M2JjN2M0YzAiOnsiY3JlYXRlIjozNjAwMDAwMDAwMDAwLCJkZWxldGUiOjM2MDAwMDAwMDAwMDAsInJlYWQiOjMwMDAwMDAwMDAwMCwidXBkYXRlIjozNjAwMDAwMDAwMDAwfX0=",
          "dependencies": [
            "azurerm_resource_group.this"
          ]
        }
      ]
    }
  ],
  "check_results": null
}
