{
  "version": 4,
  "terraform_version": "1.3.9",
  "serial": 11,
  "lineage": "1fdd1258-e954-ca11-6b20-bd6bc2b1f3f7",
  "outputs": {},
  "resources": [
    {
      "mode": "managed",
      "type": "azurerm_container_registry",
      "name": "this",
      "provider": "provider[\"registry.terraform.io/hashicorp/azurerm\"]",
      "instances": [
        {
          "schema_version": 2,
          "attributes": {
            "admin_enabled": true,
            "admin_password": "oE2X5DylYS20Pp3A2sHJ2QnA7B3UC4/0pNMXTy3fyG+ACRBYXmys",
            "admin_username": "acrlabwesaab",
            "anonymous_pull_enabled": false,
            "data_endpoint_enabled": false,
            "encryption": [
              {
                "enabled": false,
                "identity_client_id": "",
                "key_vault_key_id": ""
              }
            ],
            "export_policy_enabled": true,
            "georeplications": [],
            "id": "/subscriptions/34c43125-9f89-4519-9e7f-541784fd470e/resourceGroups/rg-lab-we-saab/providers/Microsoft.ContainerRegistry/registries/acrlabwesaab",
            "identity": [],
            "location": "westeurope",
            "login_server": "acrlabwesaab.azurecr.io",
            "name": "acrlabwesaab",
            "network_rule_bypass_option": "AzureServices",
            "network_rule_set": [],
            "public_network_access_enabled": true,
            "quarantine_policy_enabled": false,
            "resource_group_name": "rg-lab-we-saab",
            "retention_policy": [
              {
                "days": 7,
                "enabled": false
              }
            ],
            "sku": "Basic",
            "tags": {},
            "timeouts": null,
            "trust_policy": [
              {
                "enabled": false
              }
            ],
            "zone_redundancy_enabled": false
          },
          "sensitive_attributes": [],
          "private": "eyJlMmJmYjczMC1lY2FhLTExZTYtOGY4OC0zNDM2M2JjN2M0YzAiOnsiY3JlYXRlIjoxODAwMDAwMDAwMDAwLCJkZWxldGUiOjE4MDAwMDAwMDAwMDAsInJlYWQiOjMwMDAwMDAwMDAwMCwidXBkYXRlIjoxODAwMDAwMDAwMDAwfSwic2NoZW1hX3ZlcnNpb24iOiIyIn0=",
          "dependencies": [
            "azurerm_resource_group.this"
          ]
        }
      ]
    },
    {
      "mode": "managed",
      "type": "azurerm_container_registry_webhook",
      "name": "this",
      "provider": "provider[\"registry.terraform.io/hashicorp/azurerm\"]",
      "instances": [
        {
          "schema_version": 0,
          "attributes": {
            "actions": [
              "push"
            ],
            "custom_headers": {},
            "id": "/subscriptions/34c43125-9f89-4519-9e7f-541784fd470e/resourceGroups/rg-lab-we-saab/providers/Microsoft.ContainerRegistry/registries/acrlabwesaab/webhooks/webhookwalabwesaab",
            "location": "westeurope",
            "name": "webhookwalabwesaab",
            "registry_name": "acrlabwesaab",
            "resource_group_name": "rg-lab-we-saab",
            "scope": "azure-lab:latest",
            "service_uri": "https://$wa-lab-we-saab:4Eppivmv7GejHn8jnisqpdn50Xcwo0aybYrpGMHMc2dL2tzeRFX2vu0ojSEp@wa-lab-we-saab.scm.azurewebsites.net/docker/hook",
            "status": "enabled",
            "tags": {},
            "timeouts": null
          },
          "sensitive_attributes": [],
          "private": "eyJlMmJmYjczMC1lY2FhLTExZTYtOGY4OC0zNDM2M2JjN2M0YzAiOnsiY3JlYXRlIjoxODAwMDAwMDAwMDAwLCJkZWxldGUiOjE4MDAwMDAwMDAwMDAsInJlYWQiOjMwMDAwMDAwMDAwMCwidXBkYXRlIjoxODAwMDAwMDAwMDAwfX0=",
          "dependencies": [
            "azurerm_container_registry.this",
            "azurerm_linux_web_app.this",
            "azurerm_resource_group.this",
            "azurerm_service_plan.this"
          ]
        }
      ]
    },
    {
      "mode": "managed",
      "type": "azurerm_linux_web_app",
      "name": "this",
      "provider": "provider[\"registry.terraform.io/hashicorp/azurerm\"]",
      "instances": [
        {
          "schema_version": 0,
          "attributes": {
            "app_settings": {
              "DOCKER_ENABLE_CI": "true",
              "DOCKER_REGISTRY_SERVER_PASSWORD": "oE2X5DylYS20Pp3A2sHJ2QnA7B3UC4/0pNMXTy3fyG+ACRBYXmys",
              "DOCKER_REGISTRY_SERVER_URL": "https://acrlabwesaab.azurecr.io",
              "DOCKER_REGISTRY_SERVER_USERNAME": "acrlabwesaab",
              "PORT": "8080",
              "WEBSITES_ENABLE_APP_SERVICE_STORAGE": "false",
              "WEBSITES_PORT": "8080"
            },
            "auth_settings": [
              {
                "active_directory": [],
                "additional_login_parameters": {},
                "allowed_external_redirect_urls": [],
                "default_provider": "",
                "enabled": false,
                "facebook": [],
                "github": [],
                "google": [],
                "issuer": "",
                "microsoft": [],
                "runtime_version": "",
                "token_refresh_extension_hours": 0,
                "token_store_enabled": false,
                "twitter": [],
                "unauthenticated_client_action": ""
              }
            ],
            "backup": [],
            "client_affinity_enabled": false,
            "client_certificate_enabled": false,
            "client_certificate_mode": "Required",
            "connection_string": [],
            "custom_domain_verification_id": "BA99740BE0488B12DF43A91F995F6E0B7ED114441DA9AC6FA43FF70C8DBFC0C7",
            "default_hostname": "wa-lab-we-saab.azurewebsites.net",
            "enabled": true,
            "https_only": false,
            "id": "/subscriptions/34c43125-9f89-4519-9e7f-541784fd470e/resourceGroups/rg-lab-we-saab/providers/Microsoft.Web/sites/wa-lab-we-saab",
            "identity": [
              {
                "identity_ids": [],
                "principal_id": "d11c9dfb-a0d2-4e5a-b0a4-cc2209b9153e",
                "tenant_id": "ab2638f6-969d-4d5f-8175-abc6546cb653",
                "type": "SystemAssigned"
              }
            ],
            "key_vault_reference_identity_id": "SystemAssigned",
            "kind": "app,linux,container",
            "location": "westeurope",
            "logs": [],
            "name": "wa-lab-we-saab",
            "outbound_ip_address_list": [
              "20.23.199.151",
              "20.23.199.223",
              "20.23.199.239",
              "20.23.199.249",
              "20.4.200.124",
              "20.4.200.232",
              "20.105.216.24"
            ],
            "outbound_ip_addresses": "20.23.199.151,20.23.199.223,20.23.199.239,20.23.199.249,20.4.200.124,20.4.200.232,20.105.216.24",
            "possible_outbound_ip_address_list": [
              "20.23.199.151",
              "20.23.199.223",
              "20.23.199.239",
              "20.23.199.249",
              "20.4.200.124",
              "20.4.200.232",
              "20.4.201.29",
              "20.4.201.133",
              "20.23.198.81",
              "20.4.201.198",
              "20.4.202.175",
              "20.4.202.189",
              "20.4.202.210",
              "20.4.201.174",
              "20.4.203.159",
              "20.103.229.69",
              "20.4.203.172",
              "20.4.204.9",
              "20.4.204.136",
              "20.4.204.188",
              "20.4.204.244",
              "20.4.205.17",
              "20.4.205.36",
              "20.4.205.39",
              "20.105.216.24"
            ],
            "possible_outbound_ip_addresses": "20.23.199.151,20.23.199.223,20.23.199.239,20.23.199.249,20.4.200.124,20.4.200.232,20.4.201.29,20.4.201.133,20.23.198.81,20.4.201.198,20.4.202.175,20.4.202.189,20.4.202.210,20.4.201.174,20.4.203.159,20.103.229.69,20.4.203.172,20.4.204.9,20.4.204.136,20.4.204.188,20.4.204.244,20.4.205.17,20.4.205.36,20.4.205.39,20.105.216.24",
            "resource_group_name": "rg-lab-we-saab",
            "service_plan_id": "/subscriptions/34c43125-9f89-4519-9e7f-541784fd470e/resourceGroups/rg-lab-we-saab/providers/Microsoft.Web/serverfarms/asp-lab-we-saab",
            "site_config": [
              {
                "always_on": true,
                "api_definition_url": "",
                "api_management_api_id": "",
                "app_command_line": "",
                "application_stack": [
                  {
                    "docker_image": "acrlabwesaab.azurecr.io/azure-lab",
                    "docker_image_tag": "latest",
                    "dotnet_version": "",
                    "java_server": "",
                    "java_server_version": "",
                    "java_version": "",
                    "node_version": "",
                    "php_version": "",
                    "python_version": "",
                    "ruby_version": ""
                  }
                ],
                "auto_heal_enabled": false,
                "auto_heal_setting": [],
                "container_registry_managed_identity_client_id": "",
                "container_registry_use_managed_identity": false,
                "cors": [],
                "default_documents": [
                  "Default.htm",
                  "Default.html",
                  "Default.asp",
                  "index.htm",
                  "index.html",
                  "iisstart.htm",
                  "default.aspx",
                  "index.php",
                  "hostingstart.html"
                ],
                "detailed_error_logging_enabled": false,
                "ftps_state": "Disabled",
                "health_check_eviction_time_in_min": 0,
                "health_check_path": "",
                "http2_enabled": false,
                "ip_restriction": [],
                "linux_fx_version": "DOCKER|acrlabwesaab.azurecr.io/azure-lab:latest",
                "load_balancing_mode": "LeastRequests",
                "local_mysql_enabled": false,
                "managed_pipeline_mode": "Integrated",
                "minimum_tls_version": "1.2",
                "remote_debugging_enabled": false,
                "remote_debugging_version": "VS2019",
                "scm_ip_restriction": [],
                "scm_minimum_tls_version": "1.2",
                "scm_type": "None",
                "scm_use_main_ip_restriction": false,
                "use_32_bit_worker": true,
                "vnet_route_all_enabled": false,
                "websockets_enabled": false,
                "worker_count": 1
              }
            ],
            "site_credential": [
              {
                "name": "$wa-lab-we-saab",
                "password": "4Eppivmv7GejHn8jnisqpdn50Xcwo0aybYrpGMHMc2dL2tzeRFX2vu0ojSEp"
              }
            ],
            "sticky_settings": [],
            "storage_account": [],
            "tags": {},
            "timeouts": null,
            "virtual_network_subnet_id": "",
            "zip_deploy_file": ""
          },
          "sensitive_attributes": [
            [
              {
                "type": "get_attr",
                "value": "app_settings"
              },
              {
                "type": "index",
                "value": {
                  "value": "DOCKER_REGISTRY_SERVER_PASSWORD",
                  "type": "string"
                }
              }
            ]
          ],
          "private": "eyJlMmJmYjczMC1lY2FhLTExZTYtOGY4OC0zNDM2M2JjN2M0YzAiOnsiY3JlYXRlIjoxODAwMDAwMDAwMDAwLCJkZWxldGUiOjE4MDAwMDAwMDAwMDAsInJlYWQiOjMwMDAwMDAwMDAwMCwidXBkYXRlIjoxODAwMDAwMDAwMDAwfX0=",
          "dependencies": [
            "azurerm_container_registry.this",
            "azurerm_resource_group.this",
            "azurerm_service_plan.this"
          ]
        }
      ]
    },
    {
      "mode": "managed",
      "type": "azurerm_resource_group",
      "name": "this",
      "provider": "provider[\"registry.terraform.io/hashicorp/azurerm\"]",
      "instances": [
        {
          "schema_version": 0,
          "attributes": {
            "id": "/subscriptions/34c43125-9f89-4519-9e7f-541784fd470e/resourceGroups/rg-lab-we-saab",
            "location": "westeurope",
            "name": "rg-lab-we-saab",
            "tags": {},
            "timeouts": null
          },
          "sensitive_attributes": [],
          "private": "eyJlMmJmYjczMC1lY2FhLTExZTYtOGY4OC0zNDM2M2JjN2M0YzAiOnsiY3JlYXRlIjo1NDAwMDAwMDAwMDAwLCJkZWxldGUiOjU0MDAwMDAwMDAwMDAsInJlYWQiOjMwMDAwMDAwMDAwMCwidXBkYXRlIjo1NDAwMDAwMDAwMDAwfX0="
        }
      ]
    },
    {
      "mode": "managed",
      "type": "azurerm_service_plan",
      "name": "this",
      "provider": "provider[\"registry.terraform.io/hashicorp/azurerm\"]",
      "instances": [
        {
          "schema_version": 0,
          "attributes": {
            "app_service_environment_id": "",
            "id": "/subscriptions/34c43125-9f89-4519-9e7f-541784fd470e/resourceGroups/rg-lab-we-saab/providers/Microsoft.Web/serverfarms/asp-lab-we-saab",
            "kind": "linux",
            "location": "westeurope",
            "maximum_elastic_worker_count": 1,
            "name": "asp-lab-we-saab",
            "os_type": "Linux",
            "per_site_scaling_enabled": false,
            "reserved": true,
            "resource_group_name": "rg-lab-we-saab",
            "sku_name": "B1",
            "tags": {},
            "timeouts": null,
            "worker_count": 1,
            "zone_balancing_enabled": false
          },
          "sensitive_attributes": [],
          "private": "eyJlMmJmYjczMC1lY2FhLTExZTYtOGY4OC0zNDM2M2JjN2M0YzAiOnsiY3JlYXRlIjozNjAwMDAwMDAwMDAwLCJkZWxldGUiOjM2MDAwMDAwMDAwMDAsInJlYWQiOjMwMDAwMDAwMDAwMCwidXBkYXRlIjozNjAwMDAwMDAwMDAwfX0=",
          "dependencies": [
            "azurerm_resource_group.this"
          ]
        }
      ]
    },
    {
      "mode": "managed",
      "type": "github_actions_secret",
      "name": "acr_hostname",
      "provider": "provider[\"registry.terraform.io/integrations/github\"]",
      "instances": [
        {
          "schema_version": 0,
          "attributes": {
            "created_at": "2023-02-21 15:02:14 +0000 UTC",
            "encrypted_value": "",
            "id": "labb2:ACR_HOSTNAME",
            "plaintext_value": "acrlabwesaab.azurecr.io",
            "repository": "labb2",
            "secret_name": "ACR_HOSTNAME",
            "updated_at": "2023-02-21 15:02:14 +0000 UTC"
          },
          "sensitive_attributes": [],
          "private": "bnVsbA==",
          "dependencies": [
            "azurerm_container_registry.this"
          ]
        }
      ]
    },
    {
      "mode": "managed",
      "type": "github_actions_secret",
      "name": "acr_password",
      "provider": "provider[\"registry.terraform.io/integrations/github\"]",
      "instances": [
        {
          "schema_version": 0,
          "attributes": {
            "created_at": "2023-02-21 15:02:15 +0000 UTC",
            "encrypted_value": "",
            "id": "labb2:ACR_PASSWORD",
            "plaintext_value": "oE2X5DylYS20Pp3A2sHJ2QnA7B3UC4/0pNMXTy3fyG+ACRBYXmys",
            "repository": "labb2",
            "secret_name": "ACR_PASSWORD",
            "updated_at": "2023-02-21 15:02:15 +0000 UTC"
          },
          "sensitive_attributes": [
            [
              {
                "type": "get_attr",
                "value": "plaintext_value"
              }
            ]
          ],
          "private": "bnVsbA==",
          "dependencies": [
            "azurerm_container_registry.this"
          ]
        }
      ]
    },
    {
      "mode": "managed",
      "type": "github_actions_secret",
      "name": "acr_username",
      "provider": "provider[\"registry.terraform.io/integrations/github\"]",
      "instances": [
        {
          "schema_version": 0,
          "attributes": {
            "created_at": "2023-02-21 15:02:12 +0000 UTC",
            "encrypted_value": "",
            "id": "labb2:ACR_USERNAME",
            "plaintext_value": "acrlabwesaab",
            "repository": "labb2",
            "secret_name": "ACR_USERNAME",
            "updated_at": "2023-02-21 15:02:12 +0000 UTC"
          },
          "sensitive_attributes": [],
          "private": "bnVsbA==",
          "dependencies": [
            "azurerm_container_registry.this"
          ]
        }
      ]
    },
    {
      "mode": "managed",
      "type": "github_actions_secret",
      "name": "container_name",
      "provider": "provider[\"registry.terraform.io/integrations/github\"]",
      "instances": [
        {
          "schema_version": 0,
          "attributes": {
            "created_at": "2023-02-21 15:01:54 +0000 UTC",
            "encrypted_value": "",
            "id": "labb2:CONTAINER_NAME",
            "plaintext_value": "azure-lab",
            "repository": "labb2",
            "secret_name": "CONTAINER_NAME",
            "updated_at": "2023-02-21 15:01:54 +0000 UTC"
          },
          "sensitive_attributes": [],
          "private": "bnVsbA=="
        }
      ]
    }
  ],
  "check_results": null
}
